
Microsoft Visual Studio Solution File, Format Version 12.00
# Visual Studio Version 17
VisualStudioVersion = 17.5.002.0
MinimumVisualStudioVersion = 10.0.40219.1
Project("{9A19103F-16F7-4668-BE54-9A1E7A4F7556}") = "Api", "Api\Api.csproj", "{2B31161F-9997-4473-9513-BA0A218D4CBB}"
EndProject
Global
	GlobalSection(SolutionConfigurationPlatforms) = preSolution
		Debug|Any CPU = Debug|Any CPU
		Release|Any CPU = Release|Any CPU
	EndGlobalSection
	GlobalSection(ProjectConfigurationPlatforms) = postSolution
		{2B31161F-9997-4473-9513-BA0A218D4CBB}.Debug|Any CPU.ActiveCfg = Debug|Any CPU
		{2B31161F-9997-4473-9513-BA0A218D4CBB}.Debug|Any CPU.Build.0 = Debug|Any CPU
		{2B31161F-9997-4473-9513-BA0A218D4CBB}.Release|Any CPU.ActiveCfg = Release|Any CPU
		{2B31161F-9997-4473-9513-BA0A218D4CBB}.Release|Any CPU.Build.0 = Release|Any CPU
	EndGlobalSection
	GlobalSection(SolutionProperties) = preSolution
		HideSolutionNode = FALSE
	EndGlobalSection
	GlobalSection(ExtensibilityGlobals) = postSolution
		SolutionGuid = {AF097A78-6B3B-4A88-A7B5-92EB55867907}
	EndGlobalSection
EndGlobal
